
Microsoft Visual Studio Solution File, Format Version 12.00
# Visual Studio Version 16
VisualStudioVersion = 16.0.30717.126
MinimumVisualStudioVersion = 10.0.40219.1
Project("{FAE04EC0-301F-11D3-BF4B-00C04F79EFBC}") = "UP.MCU.Edge", "UP.MCU.Edge\UP.MCU.Edge.csproj", "{7162276D-DD30-4A9F-BA83-FDE4C9CA687C}"
EndProject
Project("{FAE04EC0-301F-11D3-BF4B-00C04F79EFBC}") = "UP.MCU.Edge.Logic", "UP.MCU.Edge.Logic\UP.MCU.Edge.Logic.csproj", "{69C70E6E-FE61-46C1-9B95-DCACFEAD0A00}"
EndProject
Global
	GlobalSection(SolutionConfigurationPlatforms) = preSolution
		Debug|Any CPU = Debug|Any CPU
		Debug|ARM = Debug|ARM
		Debug|ARM64 = Debug|ARM64
		Debug|x64 = Debug|x64
		Debug|x86 = Debug|x86
		Release|Any CPU = Release|Any CPU
		Release|ARM = Release|ARM
		Release|ARM64 = Release|ARM64
		Release|x64 = Release|x64
		Release|x86 = Release|x86
	EndGlobalSection
	GlobalSection(ProjectConfigurationPlatforms) = postSolution
		{7162276D-DD30-4A9F-BA83-FDE4C9CA687C}.Debug|Any CPU.ActiveCfg = Debug|x86
		{7162276D-DD30-4A9F-BA83-FDE4C9CA687C}.Debug|ARM.ActiveCfg = Debug|ARM
		{7162276D-DD30-4A9F-BA83-FDE4C9CA687C}.Debug|ARM.Build.0 = Debug|ARM
		{7162276D-DD30-4A9F-BA83-FDE4C9CA687C}.Debug|ARM.Deploy.0 = Debug|ARM
		{7162276D-DD30-4A9F-BA83-FDE4C9CA687C}.Debug|ARM64.ActiveCfg = Debug|ARM64
		{7162276D-DD30-4A9F-BA83-FDE4C9CA687C}.Debug|ARM64.Build.0 = Debug|ARM64
		{7162276D-DD30-4A9F-BA83-FDE4C9CA687C}.Debug|ARM64.Deploy.0 = Debug|ARM64
		{7162276D-DD30-4A9F-BA83-FDE4C9CA687C}.Debug|x64.ActiveCfg = Debug|x64
		{7162276D-DD30-4A9F-BA83-FDE4C9CA687C}.Debug|x64.Build.0 = Debug|x64
		{7162276D-DD30-4A9F-BA83-FDE4C9CA687C}.Debug|x64.Deploy.0 = Debug|x64
		{7162276D-DD30-4A9F-BA83-FDE4C9CA687C}.Debug|x86.ActiveCfg = Debug|x86
		{7162276D-DD30-4A9F-BA83-FDE4C9CA687C}.Debug|x86.Build.0 = Debug|x86
		{7162276D-DD30-4A9F-BA83-FDE4C9CA687C}.Debug|x86.Deploy.0 = Debug|x86
		{7162276D-DD30-4A9F-BA83-FDE4C9CA687C}.Release|Any CPU.ActiveCfg = Release|x86
		{7162276D-DD30-4A9F-BA83-FDE4C9CA687C}.Release|ARM.ActiveCfg = Release|ARM
		{7162276D-DD30-4A9F-BA83-FDE4C9CA687C}.Release|ARM.Build.0 = Release|ARM
		{7162276D-DD30-4A9F-BA83-FDE4C9CA687C}.Release|ARM.Deploy.0 = Release|ARM
		{7162276D-DD30-4A9F-BA83-FDE4C9CA687C}.Release|ARM64.ActiveCfg = Release|ARM64
		{7162276D-DD30-4A9F-BA83-FDE4C9CA687C}.Release|ARM64.Build.0 = Release|ARM64
		{7162276D-DD30-4A9F-BA83-FDE4C9CA687C}.Release|ARM64.Deploy.0 = Release|ARM64
		{7162276D-DD30-4A9F-BA83-FDE4C9CA687C}.Release|x64.ActiveCfg = Release|x64
		{7162276D-DD30-4A9F-BA83-FDE4C9CA687C}.Release|x64.Build.0 = Release|x64
		{7162276D-DD30-4A9F-BA83-FDE4C9CA687C}.Release|x64.Deploy.0 = Release|x64
		{7162276D-DD30-4A9F-BA83-FDE4C9CA687C}.Release|x86.ActiveCfg = Release|x86
		{7162276D-DD30-4A9F-BA83-FDE4C9CA687C}.Release|x86.Build.0 = Release|x86
		{7162276D-DD30-4A9F-BA83-FDE4C9CA687C}.Release|x86.Deploy.0 = Release|x86
		{69C70E6E-FE61-46C1-9B95-DCACFEAD0A00}.Debug|Any CPU.ActiveCfg = Debug|Any CPU
		{69C70E6E-FE61-46C1-9B95-DCACFEAD0A00}.Debug|Any CPU.Build.0 = Debug|Any CPU
		{69C70E6E-FE61-46C1-9B95-DCACFEAD0A00}.Debug|ARM.ActiveCfg = Debug|ARM
		{69C70E6E-FE61-46C1-9B95-DCACFEAD0A00}.Debug|ARM.Build.0 = Debug|ARM
		{69C70E6E-FE61-46C1-9B95-DCACFEAD0A00}.Debug|ARM64.ActiveCfg = Debug|ARM64
		{69C70E6E-FE61-46C1-9B95-DCACFEAD0A00}.Debug|ARM64.Build.0 = Debug|ARM64
		{69C70E6E-FE61-46C1-9B95-DCACFEAD0A00}.Debug|x64.ActiveCfg = Debug|x64
		{69C70E6E-FE61-46C1-9B95-DCACFEAD0A00}.Debug|x64.Build.0 = Debug|x64
		{69C70E6E-FE61-46C1-9B95-DCACFEAD0A00}.Debug|x86.ActiveCfg = Debug|x86
		{69C70E6E-FE61-46C1-9B95-DCACFEAD0A00}.Debug|x86.Build.0 = Debug|x86
		{69C70E6E-FE61-46C1-9B95-DCACFEAD0A00}.Release|Any CPU.ActiveCfg = Release|Any CPU
		{69C70E6E-FE61-46C1-9B95-DCACFEAD0A00}.Release|Any CPU.Build.0 = Release|Any CPU
		{69C70E6E-FE61-46C1-9B95-DCACFEAD0A00}.Release|ARM.ActiveCfg = Release|ARM
		{69C70E6E-FE61-46C1-9B95-DCACFEAD0A00}.Release|ARM.Build.0 = Release|ARM
		{69C70E6E-FE61-46C1-9B95-DCACFEAD0A00}.Release|ARM64.ActiveCfg = Release|ARM64
		{69C70E6E-FE61-46C1-9B95-DCACFEAD0A00}.Release|ARM64.Build.0 = Release|ARM64
		{69C70E6E-FE61-46C1-9B95-DCACFEAD0A00}.Release|x64.ActiveCfg = Release|x64
		{69C70E6E-FE61-46C1-9B95-DCACFEAD0A00}.Release|x64.Build.0 = Release|x64
		{69C70E6E-FE61-46C1-9B95-DCACFEAD0A00}.Release|x86.ActiveCfg = Release|x86
		{69C70E6E-FE61-46C1-9B95-DCACFEAD0A00}.Release|x86.Build.0 = Release|x86
	EndGlobalSection
	GlobalSection(SolutionProperties) = preSolution
		HideSolutionNode = FALSE
	EndGlobalSection
	GlobalSection(ExtensibilityGlobals) = postSolution
		SolutionGuid = {9C897324-B00D-45E9-B7DC-4CF6FECEF2EA}
	EndGlobalSection
EndGlobal
