
Microsoft Visual Studio Solution File, Format Version 12.00
# Visual Studio Version 16
VisualStudioVersion = 16.0.30717.126
MinimumVisualStudioVersion = 10.0.40219.1
Project("{FAE04EC0-301F-11D3-BF4B-00C04F79EFBC}") = "UP.MCU.RealtimeReporting", "UP.MCU.RealtimeReporting\UP.MCU.RealtimeReporting.csproj", "{A405FAAE-9D6C-459A-A6D0-15EE71E977AE}"
EndProject
Global
	GlobalSection(SolutionConfigurationPlatforms) = preSolution
		Debug|Any CPU = Debug|Any CPU
		Release|Any CPU = Release|Any CPU
	EndGlobalSection
	GlobalSection(ProjectConfigurationPlatforms) = postSolution
		{A405FAAE-9D6C-459A-A6D0-15EE71E977AE}.Debug|Any CPU.ActiveCfg = Debug|Any CPU
		{A405FAAE-9D6C-459A-A6D0-15EE71E977AE}.Debug|Any CPU.Build.0 = Debug|Any CPU
		{A405FAAE-9D6C-459A-A6D0-15EE71E977AE}.Release|Any CPU.ActiveCfg = Release|Any CPU
		{A405FAAE-9D6C-459A-A6D0-15EE71E977AE}.Release|Any CPU.Build.0 = Release|Any CPU
	EndGlobalSection
	GlobalSection(SolutionProperties) = preSolution
		HideSolutionNode = FALSE
	EndGlobalSection
	GlobalSection(ExtensibilityGlobals) = postSolution
		SolutionGuid = {E13CF040-251A-4A8C-94DF-E71CBF741342}
	EndGlobalSection
EndGlobal
